// !$*UTF8*$!
{
	archiveVersion = 1;
	classes = {
	};
	objectVersion = 56;
	objects = {

/* Begin PBXBuildFile section */
		8954428D2A7E628A00C8460E /* UIAlertController+.swift in Sources */ = {isa = PBXBuildFile; fileRef = 8954428C2A7E628A00C8460E /* UIAlertController+.swift */; };
		8954428F2A7E79F000C8460E /* TamagotchiStory.swift in Sources */ = {isa = PBXBuildFile; fileRef = 8954428E2A7E79F000C8460E /* TamagotchiStory.swift */; };
		895442912A7EA41600C8460E /* UIViewController+.swift in Sources */ = {isa = PBXBuildFile; fileRef = 895442902A7EA41600C8460E /* UIViewController+.swift */; };
		895442982A7F2E9B00C8460E /* CustomObservable.swift in Sources */ = {isa = PBXBuildFile; fileRef = 895442972A7F2E9B00C8460E /* CustomObservable.swift */; };
		8954429A2A7F2F3D00C8460E /* MainViewModel.swift in Sources */ = {isa = PBXBuildFile; fileRef = 895442992A7F2F3D00C8460E /* MainViewModel.swift */; };
		8954429E2A7FBB4C00C8460E /* CharacterDetailPopUpViewModel.swift in Sources */ = {isa = PBXBuildFile; fileRef = 8954429D2A7FBB4C00C8460E /* CharacterDetailPopUpViewModel.swift */; };
		895442A42A7FC7AE00C8460E /* SettingNameChangeViewModel.swift in Sources */ = {isa = PBXBuildFile; fileRef = 895442A32A7FC7AE00C8460E /* SettingNameChangeViewModel.swift */; };
		895442A62A7FD19300C8460E /* SettingViewModel.swift in Sources */ = {isa = PBXBuildFile; fileRef = 895442A52A7FD19300C8460E /* SettingViewModel.swift */; };
		895442AA2A7FD67900C8460E /* CharacterSelectionViewModel.swift in Sources */ = {isa = PBXBuildFile; fileRef = 895442A92A7FD67900C8460E /* CharacterSelectionViewModel.swift */; };
		895442AD2A7FE0B400C8460E /* CharacterUseCase.swift in Sources */ = {isa = PBXBuildFile; fileRef = 895442AC2A7FE0B400C8460E /* CharacterUseCase.swift */; };
		895442AF2A7FE80500C8460E /* UserUseCase.swift in Sources */ = {isa = PBXBuildFile; fileRef = 895442AE2A7FE80500C8460E /* UserUseCase.swift */; };
		895442B32A7FF47E00C8460E /* CharacterRepository.swift in Sources */ = {isa = PBXBuildFile; fileRef = 895442B22A7FF47E00C8460E /* CharacterRepository.swift */; };
		895442B62A7FF5EA00C8460E /* DefaultCharacterRepository.swift in Sources */ = {isa = PBXBuildFile; fileRef = 895442B52A7FF5EA00C8460E /* DefaultCharacterRepository.swift */; };
		895442BA2A7FF6C100C8460E /* CharacterStorage.swift in Sources */ = {isa = PBXBuildFile; fileRef = 895442B92A7FF6C100C8460E /* CharacterStorage.swift */; };
		895442BF2A7FF89200C8460E /* UserDefaultsCharacter.swift in Sources */ = {isa = PBXBuildFile; fileRef = 895442BE2A7FF89200C8460E /* UserDefaultsCharacter.swift */; };
		895442C22A7FFBA900C8460E /* UserRepository.swift in Sources */ = {isa = PBXBuildFile; fileRef = 895442C12A7FFBA900C8460E /* UserRepository.swift */; };
		895442C42A7FFBDB00C8460E /* DefaultUserRepository.swift in Sources */ = {isa = PBXBuildFile; fileRef = 895442C32A7FFBDB00C8460E /* DefaultUserRepository.swift */; };
		895442C72A7FFC2400C8460E /* UserStorage.swift in Sources */ = {isa = PBXBuildFile; fileRef = 895442C62A7FFC2400C8460E /* UserStorage.swift */; };
		895442C92A7FFC5800C8460E /* UserDefaultsUser.swift in Sources */ = {isa = PBXBuildFile; fileRef = 895442C82A7FFC5800C8460E /* UserDefaultsUser.swift */; };
		89CA33D92A7C9CED00DA1978 /* AppDelegate.swift in Sources */ = {isa = PBXBuildFile; fileRef = 89CA33D82A7C9CED00DA1978 /* AppDelegate.swift */; };
		89CA33DB2A7C9CED00DA1978 /* SceneDelegate.swift in Sources */ = {isa = PBXBuildFile; fileRef = 89CA33DA2A7C9CED00DA1978 /* SceneDelegate.swift */; };
		89CA33DD2A7C9CED00DA1978 /* CharacterSelectionViewController.swift in Sources */ = {isa = PBXBuildFile; fileRef = 89CA33DC2A7C9CED00DA1978 /* CharacterSelectionViewController.swift */; };
		89CA33E02A7C9CED00DA1978 /* Main.storyboard in Resources */ = {isa = PBXBuildFile; fileRef = 89CA33DE2A7C9CED00DA1978 /* Main.storyboard */; };
		89CA33E22A7C9CEF00DA1978 /* Assets.xcassets in Resources */ = {isa = PBXBuildFile; fileRef = 89CA33E12A7C9CEF00DA1978 /* Assets.xcassets */; };
		89CA33E52A7C9CEF00DA1978 /* LaunchScreen.storyboard in Resources */ = {isa = PBXBuildFile; fileRef = 89CA33E32A7C9CEF00DA1978 /* LaunchScreen.storyboard */; };
		89CA33F02A7CAA7F00DA1978 /* CharacterSelectionCell.swift in Sources */ = {isa = PBXBuildFile; fileRef = 89CA33EE2A7CAA7F00DA1978 /* CharacterSelectionCell.swift */; };
		89CA33F12A7CAA7F00DA1978 /* CharacterSelectionCell.xib in Resources */ = {isa = PBXBuildFile; fileRef = 89CA33EF2A7CAA7F00DA1978 /* CharacterSelectionCell.xib */; };
		89CA33F62A7CCBB300DA1978 /* UIColor+.swift in Sources */ = {isa = PBXBuildFile; fileRef = 89CA33F52A7CCBB300DA1978 /* UIColor+.swift */; };
		89CA33FA2A7CD5EA00DA1978 /* Tamagotchi.swift in Sources */ = {isa = PBXBuildFile; fileRef = 89CA33F92A7CD5EA00DA1978 /* Tamagotchi.swift */; };
		89CA33FC2A7CD83C00DA1978 /* TamagotchiType.swift in Sources */ = {isa = PBXBuildFile; fileRef = 89CA33FB2A7CD83C00DA1978 /* TamagotchiType.swift */; };
		89CA33FE2A7CDED900DA1978 /* CharacterDetailPopUpViewController.swift in Sources */ = {isa = PBXBuildFile; fileRef = 89CA33FD2A7CDED900DA1978 /* CharacterDetailPopUpViewController.swift */; };
		89CA34032A7CE54400DA1978 /* UIButton+.swift in Sources */ = {isa = PBXBuildFile; fileRef = 89CA34022A7CE54400DA1978 /* UIButton+.swift */; };
		89CA34052A7CE69B00DA1978 /* UILabel+.swift in Sources */ = {isa = PBXBuildFile; fileRef = 89CA34042A7CE69B00DA1978 /* UILabel+.swift */; };
		89CA34072A7D004D00DA1978 /* MainViewController.swift in Sources */ = {isa = PBXBuildFile; fileRef = 89CA34062A7D004D00DA1978 /* MainViewController.swift */; };
		89CA340A2A7D11C300DA1978 /* UIButtonConfiguration+.swift in Sources */ = {isa = PBXBuildFile; fileRef = 89CA34092A7D11C300DA1978 /* UIButtonConfiguration+.swift */; };
		89CA340C2A7D1D6100DA1978 /* UITextField+.swift in Sources */ = {isa = PBXBuildFile; fileRef = 89CA340B2A7D1D6100DA1978 /* UITextField+.swift */; };
		89CA340F2A7D28A000DA1978 /* UserDefaultsManager.swift in Sources */ = {isa = PBXBuildFile; fileRef = 89CA340E2A7D28A000DA1978 /* UserDefaultsManager.swift */; };
		89CA34112A7D291900DA1978 /* UserDefaultsWrapper.swift in Sources */ = {isa = PBXBuildFile; fileRef = 89CA34102A7D291900DA1978 /* UserDefaultsWrapper.swift */; };
		89CA34132A7DE0E400DA1978 /* Setting.storyboard in Resources */ = {isa = PBXBuildFile; fileRef = 89CA34122A7DE0E400DA1978 /* Setting.storyboard */; };
		89CA34152A7DE14F00DA1978 /* SettingViewController.swift in Sources */ = {isa = PBXBuildFile; fileRef = 89CA34142A7DE14F00DA1978 /* SettingViewController.swift */; };
		89CA34182A7E506100DA1978 /* SettingType.swift in Sources */ = {isa = PBXBuildFile; fileRef = 89CA34172A7E506100DA1978 /* SettingType.swift */; };
		89CA341A2A7E5F5B00DA1978 /* SettingNameChangeViewController.swift in Sources */ = {isa = PBXBuildFile; fileRef = 89CA34192A7E5F5B00DA1978 /* SettingNameChangeViewController.swift */; };
/* End PBXBuildFile section */

/* Begin PBXFileReference section */
		8954428C2A7E628A00C8460E /* UIAlertController+.swift */ = {isa = PBXFileReference; lastKnownFileType = sourcecode.swift; path = "UIAlertController+.swift"; sourceTree = "<group>"; };
		8954428E2A7E79F000C8460E /* TamagotchiStory.swift */ = {isa = PBXFileReference; lastKnownFileType = sourcecode.swift; path = TamagotchiStory.swift; sourceTree = "<group>"; };
		895442902A7EA41600C8460E /* UIViewController+.swift */ = {isa = PBXFileReference; lastKnownFileType = sourcecode.swift; path = "UIViewController+.swift"; sourceTree = "<group>"; };
		895442972A7F2E9B00C8460E /* CustomObservable.swift */ = {isa = PBXFileReference; lastKnownFileType = sourcecode.swift; path = CustomObservable.swift; sourceTree = "<group>"; };
		895442992A7F2F3D00C8460E /* MainViewModel.swift */ = {isa = PBXFileReference; lastKnownFileType = sourcecode.swift; path = MainViewModel.swift; sourceTree = "<group>"; };
		8954429D2A7FBB4C00C8460E /* CharacterDetailPopUpViewModel.swift */ = {isa = PBXFileReference; lastKnownFileType = sourcecode.swift; path = CharacterDetailPopUpViewModel.swift; sourceTree = "<group>"; };
		895442A32A7FC7AE00C8460E /* SettingNameChangeViewModel.swift */ = {isa = PBXFileReference; lastKnownFileType = sourcecode.swift; path = SettingNameChangeViewModel.swift; sourceTree = "<group>"; };
		895442A52A7FD19300C8460E /* SettingViewModel.swift */ = {isa = PBXFileReference; lastKnownFileType = sourcecode.swift; path = SettingViewModel.swift; sourceTree = "<group>"; };
		895442A92A7FD67900C8460E /* CharacterSelectionViewModel.swift */ = {isa = PBXFileReference; lastKnownFileType = sourcecode.swift; path = CharacterSelectionViewModel.swift; sourceTree = "<group>"; };
		895442AC2A7FE0B400C8460E /* CharacterUseCase.swift */ = {isa = PBXFileReference; lastKnownFileType = sourcecode.swift; path = CharacterUseCase.swift; sourceTree = "<group>"; };
		895442AE2A7FE80500C8460E /* UserUseCase.swift */ = {isa = PBXFileReference; lastKnownFileType = sourcecode.swift; path = UserUseCase.swift; sourceTree = "<group>"; };
		895442B22A7FF47E00C8460E /* CharacterRepository.swift */ = {isa = PBXFileReference; lastKnownFileType = sourcecode.swift; path = CharacterRepository.swift; sourceTree = "<group>"; };
		895442B52A7FF5EA00C8460E /* DefaultCharacterRepository.swift */ = {isa = PBXFileReference; lastKnownFileType = sourcecode.swift; path = DefaultCharacterRepository.swift; sourceTree = "<group>"; };
		895442B92A7FF6C100C8460E /* CharacterStorage.swift */ = {isa = PBXFileReference; lastKnownFileType = sourcecode.swift; path = CharacterStorage.swift; sourceTree = "<group>"; };
		895442BE2A7FF89200C8460E /* UserDefaultsCharacter.swift */ = {isa = PBXFileReference; lastKnownFileType = sourcecode.swift; path = UserDefaultsCharacter.swift; sourceTree = "<group>"; };
		895442C12A7FFBA900C8460E /* UserRepository.swift */ = {isa = PBXFileReference; lastKnownFileType = sourcecode.swift; path = UserRepository.swift; sourceTree = "<group>"; };
		895442C32A7FFBDB00C8460E /* DefaultUserRepository.swift */ = {isa = PBXFileReference; lastKnownFileType = sourcecode.swift; path = DefaultUserRepository.swift; sourceTree = "<group>"; };
		895442C62A7FFC2400C8460E /* UserStorage.swift */ = {isa = PBXFileReference; lastKnownFileType = sourcecode.swift; path = UserStorage.swift; sourceTree = "<group>"; };
		895442C82A7FFC5800C8460E /* UserDefaultsUser.swift */ = {isa = PBXFileReference; lastKnownFileType = sourcecode.swift; path = UserDefaultsUser.swift; sourceTree = "<group>"; };
		89CA33D52A7C9CED00DA1978 /* Tamagotchi.app */ = {isa = PBXFileReference; explicitFileType = wrapper.application; includeInIndex = 0; path = Tamagotchi.app; sourceTree = BUILT_PRODUCTS_DIR; };
		89CA33D82A7C9CED00DA1978 /* AppDelegate.swift */ = {isa = PBXFileReference; lastKnownFileType = sourcecode.swift; path = AppDelegate.swift; sourceTree = "<group>"; };
		89CA33DA2A7C9CED00DA1978 /* SceneDelegate.swift */ = {isa = PBXFileReference; lastKnownFileType = sourcecode.swift; path = SceneDelegate.swift; sourceTree = "<group>"; };
		89CA33DC2A7C9CED00DA1978 /* CharacterSelectionViewController.swift */ = {isa = PBXFileReference; lastKnownFileType = sourcecode.swift; path = CharacterSelectionViewController.swift; sourceTree = "<group>"; };
		89CA33DF2A7C9CED00DA1978 /* Base */ = {isa = PBXFileReference; lastKnownFileType = file.storyboard; name = Base; path = Base.lproj/Main.storyboard; sourceTree = "<group>"; };
		89CA33E12A7C9CEF00DA1978 /* Assets.xcassets */ = {isa = PBXFileReference; lastKnownFileType = folder.assetcatalog; path = Assets.xcassets; sourceTree = "<group>"; };
		89CA33E42A7C9CEF00DA1978 /* Base */ = {isa = PBXFileReference; lastKnownFileType = file.storyboard; name = Base; path = Base.lproj/LaunchScreen.storyboard; sourceTree = "<group>"; };
		89CA33E62A7C9CEF00DA1978 /* Info.plist */ = {isa = PBXFileReference; lastKnownFileType = text.plist.xml; path = Info.plist; sourceTree = "<group>"; };
		89CA33EE2A7CAA7F00DA1978 /* CharacterSelectionCell.swift */ = {isa = PBXFileReference; lastKnownFileType = sourcecode.swift; path = CharacterSelectionCell.swift; sourceTree = "<group>"; };
		89CA33EF2A7CAA7F00DA1978 /* CharacterSelectionCell.xib */ = {isa = PBXFileReference; lastKnownFileType = file.xib; path = CharacterSelectionCell.xib; sourceTree = "<group>"; };
		89CA33F52A7CCBB300DA1978 /* UIColor+.swift */ = {isa = PBXFileReference; lastKnownFileType = sourcecode.swift; path = "UIColor+.swift"; sourceTree = "<group>"; };
		89CA33F92A7CD5EA00DA1978 /* Tamagotchi.swift */ = {isa = PBXFileReference; lastKnownFileType = sourcecode.swift; path = Tamagotchi.swift; sourceTree = "<group>"; };
		89CA33FB2A7CD83C00DA1978 /* TamagotchiType.swift */ = {isa = PBXFileReference; lastKnownFileType = sourcecode.swift; path = TamagotchiType.swift; sourceTree = "<group>"; };
		89CA33FD2A7CDED900DA1978 /* CharacterDetailPopUpViewController.swift */ = {isa = PBXFileReference; lastKnownFileType = sourcecode.swift; path = CharacterDetailPopUpViewController.swift; sourceTree = "<group>"; };
		89CA34022A7CE54400DA1978 /* UIButton+.swift */ = {isa = PBXFileReference; lastKnownFileType = sourcecode.swift; path = "UIButton+.swift"; sourceTree = "<group>"; };
		89CA34042A7CE69B00DA1978 /* UILabel+.swift */ = {isa = PBXFileReference; lastKnownFileType = sourcecode.swift; path = "UILabel+.swift"; sourceTree = "<group>"; };
		89CA34062A7D004D00DA1978 /* MainViewController.swift */ = {isa = PBXFileReference; lastKnownFileType = sourcecode.swift; path = MainViewController.swift; sourceTree = "<group>"; };
		89CA34092A7D11C300DA1978 /* UIButtonConfiguration+.swift */ = {isa = PBXFileReference; lastKnownFileType = sourcecode.swift; path = "UIButtonConfiguration+.swift"; sourceTree = "<group>"; };
		89CA340B2A7D1D6100DA1978 /* UITextField+.swift */ = {isa = PBXFileReference; lastKnownFileType = sourcecode.swift; path = "UITextField+.swift"; sourceTree = "<group>"; };
		89CA340E2A7D28A000DA1978 /* UserDefaultsManager.swift */ = {isa = PBXFileReference; lastKnownFileType = sourcecode.swift; path = UserDefaultsManager.swift; sourceTree = "<group>"; };
		89CA34102A7D291900DA1978 /* UserDefaultsWrapper.swift */ = {isa = PBXFileReference; lastKnownFileType = sourcecode.swift; path = UserDefaultsWrapper.swift; sourceTree = "<group>"; };
		89CA34122A7DE0E400DA1978 /* Setting.storyboard */ = {isa = PBXFileReference; lastKnownFileType = file.storyboard; path = Setting.storyboard; sourceTree = "<group>"; };
		89CA34142A7DE14F00DA1978 /* SettingViewController.swift */ = {isa = PBXFileReference; lastKnownFileType = sourcecode.swift; path = SettingViewController.swift; sourceTree = "<group>"; };
		89CA34172A7E506100DA1978 /* SettingType.swift */ = {isa = PBXFileReference; lastKnownFileType = sourcecode.swift; path = SettingType.swift; sourceTree = "<group>"; };
		89CA34192A7E5F5B00DA1978 /* SettingNameChangeViewController.swift */ = {isa = PBXFileReference; lastKnownFileType = sourcecode.swift; path = SettingNameChangeViewController.swift; sourceTree = "<group>"; };
/* End PBXFileReference section */

/* Begin PBXFrameworksBuildPhase section */
		89CA33D22A7C9CED00DA1978 /* Frameworks */ = {
			isa = PBXFrameworksBuildPhase;
			buildActionMask = 2147483647;
			files = (
			);
			runOnlyForDeploymentPostprocessing = 0;
		};
/* End PBXFrameworksBuildPhase section */

/* Begin PBXGroup section */
		895442952A7F2E5C00C8460E /* View */ = {
			isa = PBXGroup;
			children = (
				89CA34082A7D005500DA1978 /* Main */,
				89CA33FF2A7CDEF000DA1978 /* CharacterSelection */,
				89CA34162A7DE15300DA1978 /* Setting */,
			);
			path = View;
			sourceTree = "<group>";
		};
		895442962A7F2E6400C8460E /* Utilities */ = {
			isa = PBXGroup;
			children = (
				89CA33F42A7CCB3D00DA1978 /* Extension */,
				895442972A7F2E9B00C8460E /* CustomObservable.swift */,
			);
			path = Utilities;
			sourceTree = "<group>";
		};
		8954429F2A7FC60B00C8460E /* View */ = {
			isa = PBXGroup;
			children = (
				89CA34062A7D004D00DA1978 /* MainViewController.swift */,
			);
			path = View;
			sourceTree = "<group>";
		};
		895442A02A7FC61500C8460E /* ViewModel */ = {
			isa = PBXGroup;
			children = (
				895442992A7F2F3D00C8460E /* MainViewModel.swift */,
			);
			path = ViewModel;
			sourceTree = "<group>";
		};
		895442A12A7FC62100C8460E /* View */ = {
			isa = PBXGroup;
			children = (
				89CA33DC2A7C9CED00DA1978 /* CharacterSelectionViewController.swift */,
				89CA33EE2A7CAA7F00DA1978 /* CharacterSelectionCell.swift */,
				89CA33EF2A7CAA7F00DA1978 /* CharacterSelectionCell.xib */,
				89CA33FD2A7CDED900DA1978 /* CharacterDetailPopUpViewController.swift */,
			);
			path = View;
			sourceTree = "<group>";
		};
		895442A22A7FC63F00C8460E /* ViewModel */ = {
			isa = PBXGroup;
			children = (
				895442A92A7FD67900C8460E /* CharacterSelectionViewModel.swift */,
				8954429D2A7FBB4C00C8460E /* CharacterDetailPopUpViewModel.swift */,
			);
			path = ViewModel;
			sourceTree = "<group>";
		};
		895442A72A7FD5F900C8460E /* ViewModel */ = {
			isa = PBXGroup;
			children = (
				895442A52A7FD19300C8460E /* SettingViewModel.swift */,
				895442A32A7FC7AE00C8460E /* SettingNameChangeViewModel.swift */,
			);
			path = ViewModel;
			sourceTree = "<group>";
		};
		895442A82A7FD60600C8460E /* View */ = {
			isa = PBXGroup;
			children = (
				89CA34142A7DE14F00DA1978 /* SettingViewController.swift */,
				89CA34192A7E5F5B00DA1978 /* SettingNameChangeViewController.swift */,
			);
			path = View;
			sourceTree = "<group>";
		};
		895442AB2A7FE08500C8460E /* UseCases */ = {
			isa = PBXGroup;
			children = (
				895442AC2A7FE0B400C8460E /* CharacterUseCase.swift */,
				895442AE2A7FE80500C8460E /* UserUseCase.swift */,
			);
			path = UseCases;
			sourceTree = "<group>";
		};
		895442B02A7FF45A00C8460E /* Interfaces */ = {
			isa = PBXGroup;
			children = (
				895442B12A7FF46800C8460E /* Repositories */,
			);
			name = Interfaces;
			path = UseCases;
			sourceTree = "<group>";
		};
		895442B12A7FF46800C8460E /* Repositories */ = {
			isa = PBXGroup;
			children = (
				895442B22A7FF47E00C8460E /* CharacterRepository.swift */,
				895442C12A7FFBA900C8460E /* UserRepository.swift */,
			);
			path = Repositories;
			sourceTree = "<group>";
		};
		895442B42A7FF5CD00C8460E /* Repositories */ = {
			isa = PBXGroup;
			children = (
				895442B52A7FF5EA00C8460E /* DefaultCharacterRepository.swift */,
				895442C32A7FFBDB00C8460E /* DefaultUserRepository.swift */,
			);
			path = Repositories;
			sourceTree = "<group>";
		};
		895442B72A7FF63300C8460E /* PersistentStorages */ = {
			isa = PBXGroup;
			children = (
				895442C52A7FFC1300C8460E /* UserStorage */,
				895442BD2A7FF87C00C8460E /* CharacterStorage */,
				895442B82A7FF65000C8460E /* UserDefaults */,
			);
			path = PersistentStorages;
			sourceTree = "<group>";
		};
		895442B82A7FF65000C8460E /* UserDefaults */ = {
			isa = PBXGroup;
			children = (
				89CA340E2A7D28A000DA1978 /* UserDefaultsManager.swift */,
				89CA34102A7D291900DA1978 /* UserDefaultsWrapper.swift */,
			);
			path = UserDefaults;
			sourceTree = "<group>";
		};
		895442BD2A7FF87C00C8460E /* CharacterStorage */ = {
			isa = PBXGroup;
			children = (
				895442B92A7FF6C100C8460E /* CharacterStorage.swift */,
				895442C02A7FFA0200C8460E /* UserDefaultsStorage */,
			);
			path = CharacterStorage;
			sourceTree = "<group>";
		};
		895442C02A7FFA0200C8460E /* UserDefaultsStorage */ = {
			isa = PBXGroup;
			children = (
				895442BE2A7FF89200C8460E /* UserDefaultsCharacter.swift */,
			);
			path = UserDefaultsStorage;
			sourceTree = "<group>";
		};
		895442C52A7FFC1300C8460E /* UserStorage */ = {
			isa = PBXGroup;
			children = (
				895442C62A7FFC2400C8460E /* UserStorage.swift */,
				895442C82A7FFC5800C8460E /* UserDefaultsUser.swift */,
			);
			path = UserStorage;
			sourceTree = "<group>";
		};
		89CA33CC2A7C9CED00DA1978 = {
			isa = PBXGroup;
			children = (
				89CA33D72A7C9CED00DA1978 /* Tamagotchi */,
				89CA33D62A7C9CED00DA1978 /* Products */,
			);
			sourceTree = "<group>";
		};
		89CA33D62A7C9CED00DA1978 /* Products */ = {
			isa = PBXGroup;
			children = (
				89CA33D52A7C9CED00DA1978 /* Tamagotchi.app */,
			);
			name = Products;
			sourceTree = "<group>";
		};
		89CA33D72A7C9CED00DA1978 /* Tamagotchi */ = {
			isa = PBXGroup;
			children = (
				89CA33EC2A7CA87C00DA1978 /* Application */,
				89CA33F72A7CD59500DA1978 /* Domain */,
				89CA33ED2A7CA88C00DA1978 /* Presentation */,
				89CA340D2A7D277600DA1978 /* Data */,
				89CA33E32A7C9CEF00DA1978 /* LaunchScreen.storyboard */,
				89CA33E12A7C9CEF00DA1978 /* Assets.xcassets */,
				89CA33E62A7C9CEF00DA1978 /* Info.plist */,
			);
			path = Tamagotchi;
			sourceTree = "<group>";
		};
		89CA33EC2A7CA87C00DA1978 /* Application */ = {
			isa = PBXGroup;
			children = (
				89CA33D82A7C9CED00DA1978 /* AppDelegate.swift */,
				89CA33DA2A7C9CED00DA1978 /* SceneDelegate.swift */,
			);
			path = Application;
			sourceTree = "<group>";
		};
		89CA33ED2A7CA88C00DA1978 /* Presentation */ = {
			isa = PBXGroup;
			children = (
				89CA33DE2A7C9CED00DA1978 /* Main.storyboard */,
				89CA34122A7DE0E400DA1978 /* Setting.storyboard */,
				895442952A7F2E5C00C8460E /* View */,
				895442962A7F2E6400C8460E /* Utilities */,
			);
			path = Presentation;
			sourceTree = "<group>";
		};
		89CA33F42A7CCB3D00DA1978 /* Extension */ = {
			isa = PBXGroup;
			children = (
				89CA33F52A7CCBB300DA1978 /* UIColor+.swift */,
				8954428C2A7E628A00C8460E /* UIAlertController+.swift */,
				89CA34022A7CE54400DA1978 /* UIButton+.swift */,
				89CA34092A7D11C300DA1978 /* UIButtonConfiguration+.swift */,
				89CA34042A7CE69B00DA1978 /* UILabel+.swift */,
				89CA340B2A7D1D6100DA1978 /* UITextField+.swift */,
				895442902A7EA41600C8460E /* UIViewController+.swift */,
			);
			path = Extension;
			sourceTree = "<group>";
		};
		89CA33F72A7CD59500DA1978 /* Domain */ = {
			isa = PBXGroup;
			children = (
				89CA33F82A7CD5A000DA1978 /* Entities */,
				895442AB2A7FE08500C8460E /* UseCases */,
				895442B02A7FF45A00C8460E /* Interfaces */,
			);
			path = Domain;
			sourceTree = "<group>";
		};
		89CA33F82A7CD5A000DA1978 /* Entities */ = {
			isa = PBXGroup;
			children = (
				89CA33F92A7CD5EA00DA1978 /* Tamagotchi.swift */,
				89CA33FB2A7CD83C00DA1978 /* TamagotchiType.swift */,
				8954428E2A7E79F000C8460E /* TamagotchiStory.swift */,
				89CA34172A7E506100DA1978 /* SettingType.swift */,
			);
			path = Entities;
			sourceTree = "<group>";
		};
		89CA33FF2A7CDEF000DA1978 /* CharacterSelection */ = {
			isa = PBXGroup;
			children = (
				895442A12A7FC62100C8460E /* View */,
				895442A22A7FC63F00C8460E /* ViewModel */,
			);
			path = CharacterSelection;
			sourceTree = "<group>";
		};
		89CA34082A7D005500DA1978 /* Main */ = {
			isa = PBXGroup;
			children = (
				8954429F2A7FC60B00C8460E /* View */,
				895442A02A7FC61500C8460E /* ViewModel */,
			);
			path = Main;
			sourceTree = "<group>";
		};
		89CA340D2A7D277600DA1978 /* Data */ = {
			isa = PBXGroup;
			children = (
				895442B42A7FF5CD00C8460E /* Repositories */,
				895442B72A7FF63300C8460E /* PersistentStorages */,
			);
			path = Data;
			sourceTree = "<group>";
		};
		89CA34162A7DE15300DA1978 /* Setting */ = {
			isa = PBXGroup;
			children = (
				895442A82A7FD60600C8460E /* View */,
				895442A72A7FD5F900C8460E /* ViewModel */,
			);
			path = Setting;
			sourceTree = "<group>";
		};
/* End PBXGroup section */

/* Begin PBXNativeTarget section */
		89CA33D42A7C9CED00DA1978 /* Tamagotchi */ = {
			isa = PBXNativeTarget;
			buildConfigurationList = 89CA33E92A7C9CEF00DA1978 /* Build configuration list for PBXNativeTarget "Tamagotchi" */;
			buildPhases = (
				89CA33D12A7C9CED00DA1978 /* Sources */,
				89CA33D22A7C9CED00DA1978 /* Frameworks */,
				89CA33D32A7C9CED00DA1978 /* Resources */,
			);
			buildRules = (
			);
			dependencies = (
			);
			name = Tamagotchi;
			productName = Tamagotchi;
			productReference = 89CA33D52A7C9CED00DA1978 /* Tamagotchi.app */;
			productType = "com.apple.product-type.application";
		};
/* End PBXNativeTarget section */

/* Begin PBXProject section */
		89CA33CD2A7C9CED00DA1978 /* Project object */ = {
			isa = PBXProject;
			attributes = {
				BuildIndependentTargetsInParallel = 1;
				LastSwiftUpdateCheck = 1430;
				LastUpgradeCheck = 1430;
				TargetAttributes = {
					89CA33D42A7C9CED00DA1978 = {
						CreatedOnToolsVersion = 14.3.1;
					};
				};
			};
			buildConfigurationList = 89CA33D02A7C9CED00DA1978 /* Build configuration list for PBXProject "Tamagotchi" */;
			compatibilityVersion = "Xcode 14.0";
			developmentRegion = en;
			hasScannedForEncodings = 0;
			knownRegions = (
				en,
				Base,
			);
			mainGroup = 89CA33CC2A7C9CED00DA1978;
			productRefGroup = 89CA33D62A7C9CED00DA1978 /* Products */;
			projectDirPath = "";
			projectRoot = "";
			targets = (
				89CA33D42A7C9CED00DA1978 /* Tamagotchi */,
			);
		};
/* End PBXProject section */

/* Begin PBXResourcesBuildPhase section */
		89CA33D32A7C9CED00DA1978 /* Resources */ = {
			isa = PBXResourcesBuildPhase;
			buildActionMask = 2147483647;
			files = (
				89CA33E52A7C9CEF00DA1978 /* LaunchScreen.storyboard in Resources */,
				89CA33E22A7C9CEF00DA1978 /* Assets.xcassets in Resources */,
				89CA34132A7DE0E400DA1978 /* Setting.storyboard in Resources */,
				89CA33F12A7CAA7F00DA1978 /* CharacterSelectionCell.xib in Resources */,
				89CA33E02A7C9CED00DA1978 /* Main.storyboard in Resources */,
			);
			runOnlyForDeploymentPostprocessing = 0;
		};
/* End PBXResourcesBuildPhase section */

/* Begin PBXSourcesBuildPhase section */
		89CA33D12A7C9CED00DA1978 /* Sources */ = {
			isa = PBXSourcesBuildPhase;
			buildActionMask = 2147483647;
			files = (
				895442C92A7FFC5800C8460E /* UserDefaultsUser.swift in Sources */,
				89CA33DD2A7C9CED00DA1978 /* CharacterSelectionViewController.swift in Sources */,
				8954428D2A7E628A00C8460E /* UIAlertController+.swift in Sources */,
				89CA34112A7D291900DA1978 /* UserDefaultsWrapper.swift in Sources */,
				895442A62A7FD19300C8460E /* SettingViewModel.swift in Sources */,
				89CA340C2A7D1D6100DA1978 /* UITextField+.swift in Sources */,
				89CA34152A7DE14F00DA1978 /* SettingViewController.swift in Sources */,
				895442C22A7FFBA900C8460E /* UserRepository.swift in Sources */,
				895442AF2A7FE80500C8460E /* UserUseCase.swift in Sources */,
				89CA33D92A7C9CED00DA1978 /* AppDelegate.swift in Sources */,
				8954429E2A7FBB4C00C8460E /* CharacterDetailPopUpViewModel.swift in Sources */,
				89CA33FC2A7CD83C00DA1978 /* TamagotchiType.swift in Sources */,
				89CA33F02A7CAA7F00DA1978 /* CharacterSelectionCell.swift in Sources */,
				895442AA2A7FD67900C8460E /* CharacterSelectionViewModel.swift in Sources */,
				895442A42A7FC7AE00C8460E /* SettingNameChangeViewModel.swift in Sources */,
				895442C42A7FFBDB00C8460E /* DefaultUserRepository.swift in Sources */,
				89CA340A2A7D11C300DA1978 /* UIButtonConfiguration+.swift in Sources */,
				895442B62A7FF5EA00C8460E /* DefaultCharacterRepository.swift in Sources */,
				895442982A7F2E9B00C8460E /* CustomObservable.swift in Sources */,
				895442BF2A7FF89200C8460E /* UserDefaultsCharacter.swift in Sources */,
				89CA34032A7CE54400DA1978 /* UIButton+.swift in Sources */,
				89CA34072A7D004D00DA1978 /* MainViewController.swift in Sources */,
				89CA33DB2A7C9CED00DA1978 /* SceneDelegate.swift in Sources */,
				895442BA2A7FF6C100C8460E /* CharacterStorage.swift in Sources */,
				89CA33FA2A7CD5EA00DA1978 /* Tamagotchi.swift in Sources */,
				89CA340F2A7D28A000DA1978 /* UserDefaultsManager.swift in Sources */,
				895442912A7EA41600C8460E /* UIViewController+.swift in Sources */,
				895442AD2A7FE0B400C8460E /* CharacterUseCase.swift in Sources */,
				8954428F2A7E79F000C8460E /* TamagotchiStory.swift in Sources */,
				89CA34052A7CE69B00DA1978 /* UILabel+.swift in Sources */,
				89CA33FE2A7CDED900DA1978 /* CharacterDetailPopUpViewController.swift in Sources */,
				89CA34182A7E506100DA1978 /* SettingType.swift in Sources */,
				89CA341A2A7E5F5B00DA1978 /* SettingNameChangeViewController.swift in Sources */,
				895442C72A7FFC2400C8460E /* UserStorage.swift in Sources */,
				8954429A2A7F2F3D00C8460E /* MainViewModel.swift in Sources */,
				89CA33F62A7CCBB300DA1978 /* UIColor+.swift in Sources */,
				895442B32A7FF47E00C8460E /* CharacterRepository.swift in Sources */,
			);
			runOnlyForDeploymentPostprocessing = 0;
		};
/* End PBXSourcesBuildPhase section */

/* Begin PBXVariantGroup section */
		89CA33DE2A7C9CED00DA1978 /* Main.storyboard */ = {
			isa = PBXVariantGroup;
			children = (
				89CA33DF2A7C9CED00DA1978 /* Base */,
			);
			name = Main.storyboard;
			sourceTree = "<group>";
		};
		89CA33E32A7C9CEF00DA1978 /* LaunchScreen.storyboard */ = {
			isa = PBXVariantGroup;
			children = (
				89CA33E42A7C9CEF00DA1978 /* Base */,
			);
			name = LaunchScreen.storyboard;
			sourceTree = "<group>";
		};
/* End PBXVariantGroup section */

/* Begin XCBuildConfiguration section */
		89CA33E72A7C9CEF00DA1978 /* Debug */ = {
			isa = XCBuildConfiguration;
			buildSettings = {
				ALWAYS_SEARCH_USER_PATHS = NO;
				CLANG_ANALYZER_NONNULL = YES;
				CLANG_ANALYZER_NUMBER_OBJECT_CONVERSION = YES_AGGRESSIVE;
				CLANG_CXX_LANGUAGE_STANDARD = "gnu++20";
				CLANG_ENABLE_MODULES = YES;
				CLANG_ENABLE_OBJC_ARC = YES;
				CLANG_ENABLE_OBJC_WEAK = YES;
				CLANG_WARN_BLOCK_CAPTURE_AUTORELEASING = YES;
				CLANG_WARN_BOOL_CONVERSION = YES;
				CLANG_WARN_COMMA = YES;
				CLANG_WARN_CONSTANT_CONVERSION = YES;
				CLANG_WARN_DEPRECATED_OBJC_IMPLEMENTATIONS = YES;
				CLANG_WARN_DIRECT_OBJC_ISA_USAGE = YES_ERROR;
				CLANG_WARN_DOCUMENTATION_COMMENTS = YES;
				CLANG_WARN_EMPTY_BODY = YES;
				CLANG_WARN_ENUM_CONVERSION = YES;
				CLANG_WARN_INFINITE_RECURSION = YES;
				CLANG_WARN_INT_CONVERSION = YES;
				CLANG_WARN_NON_LITERAL_NULL_CONVERSION = YES;
				CLANG_WARN_OBJC_IMPLICIT_RETAIN_SELF = YES;
				CLANG_WARN_OBJC_LITERAL_CONVERSION = YES;
				CLANG_WARN_OBJC_ROOT_CLASS = YES_ERROR;
				CLANG_WARN_QUOTED_INCLUDE_IN_FRAMEWORK_HEADER = YES;
				CLANG_WARN_RANGE_LOOP_ANALYSIS = YES;
				CLANG_WARN_STRICT_PROTOTYPES = YES;
				CLANG_WARN_SUSPICIOUS_MOVE = YES;
				CLANG_WARN_UNGUARDED_AVAILABILITY = YES_AGGRESSIVE;
				CLANG_WARN_UNREACHABLE_CODE = YES;
				CLANG_WARN__DUPLICATE_METHOD_MATCH = YES;
				COPY_PHASE_STRIP = NO;
				DEBUG_INFORMATION_FORMAT = dwarf;
				ENABLE_STRICT_OBJC_MSGSEND = YES;
				ENABLE_TESTABILITY = YES;
				GCC_C_LANGUAGE_STANDARD = gnu11;
				GCC_DYNAMIC_NO_PIC = NO;
				GCC_NO_COMMON_BLOCKS = YES;
				GCC_OPTIMIZATION_LEVEL = 0;
				GCC_PREPROCESSOR_DEFINITIONS = (
					"DEBUG=1",
					"$(inherited)",
				);
				GCC_WARN_64_TO_32_BIT_CONVERSION = YES;
				GCC_WARN_ABOUT_RETURN_TYPE = YES_ERROR;
				GCC_WARN_UNDECLARED_SELECTOR = YES;
				GCC_WARN_UNINITIALIZED_AUTOS = YES_AGGRESSIVE;
				GCC_WARN_UNUSED_FUNCTION = YES;
				GCC_WARN_UNUSED_VARIABLE = YES;
				IPHONEOS_DEPLOYMENT_TARGET = 15.0;
				MTL_ENABLE_DEBUG_INFO = INCLUDE_SOURCE;
				MTL_FAST_MATH = YES;
				ONLY_ACTIVE_ARCH = YES;
				SDKROOT = iphoneos;
				SWIFT_ACTIVE_COMPILATION_CONDITIONS = DEBUG;
				SWIFT_OPTIMIZATION_LEVEL = "-Onone";
			};
			name = Debug;
		};
		89CA33E82A7C9CEF00DA1978 /* Release */ = {
			isa = XCBuildConfiguration;
			buildSettings = {
				ALWAYS_SEARCH_USER_PATHS = NO;
				CLANG_ANALYZER_NONNULL = YES;
				CLANG_ANALYZER_NUMBER_OBJECT_CONVERSION = YES_AGGRESSIVE;
				CLANG_CXX_LANGUAGE_STANDARD = "gnu++20";
				CLANG_ENABLE_MODULES = YES;
				CLANG_ENABLE_OBJC_ARC = YES;
				CLANG_ENABLE_OBJC_WEAK = YES;
				CLANG_WARN_BLOCK_CAPTURE_AUTORELEASING = YES;
				CLANG_WARN_BOOL_CONVERSION = YES;
				CLANG_WARN_COMMA = YES;
				CLANG_WARN_CONSTANT_CONVERSION = YES;
				CLANG_WARN_DEPRECATED_OBJC_IMPLEMENTATIONS = YES;
				CLANG_WARN_DIRECT_OBJC_ISA_USAGE = YES_ERROR;
				CLANG_WARN_DOCUMENTATION_COMMENTS = YES;
				CLANG_WARN_EMPTY_BODY = YES;
				CLANG_WARN_ENUM_CONVERSION = YES;
				CLANG_WARN_INFINITE_RECURSION = YES;
				CLANG_WARN_INT_CONVERSION = YES;
				CLANG_WARN_NON_LITERAL_NULL_CONVERSION = YES;
				CLANG_WARN_OBJC_IMPLICIT_RETAIN_SELF = YES;
				CLANG_WARN_OBJC_LITERAL_CONVERSION = YES;
				CLANG_WARN_OBJC_ROOT_CLASS = YES_ERROR;
				CLANG_WARN_QUOTED_INCLUDE_IN_FRAMEWORK_HEADER = YES;
				CLANG_WARN_RANGE_LOOP_ANALYSIS = YES;
				CLANG_WARN_STRICT_PROTOTYPES = YES;
				CLANG_WARN_SUSPICIOUS_MOVE = YES;
				CLANG_WARN_UNGUARDED_AVAILABILITY = YES_AGGRESSIVE;
				CLANG_WARN_UNREACHABLE_CODE = YES;
				CLANG_WARN__DUPLICATE_METHOD_MATCH = YES;
				COPY_PHASE_STRIP = NO;
				DEBUG_INFORMATION_FORMAT = "dwarf-with-dsym";
				ENABLE_NS_ASSERTIONS = NO;
				ENABLE_STRICT_OBJC_MSGSEND = YES;
				GCC_C_LANGUAGE_STANDARD = gnu11;
				GCC_NO_COMMON_BLOCKS = YES;
				GCC_WARN_64_TO_32_BIT_CONVERSION = YES;
				GCC_WARN_ABOUT_RETURN_TYPE = YES_ERROR;
				GCC_WARN_UNDECLARED_SELECTOR = YES;
				GCC_WARN_UNINITIALIZED_AUTOS = YES_AGGRESSIVE;
				GCC_WARN_UNUSED_FUNCTION = YES;
				GCC_WARN_UNUSED_VARIABLE = YES;
				IPHONEOS_DEPLOYMENT_TARGET = 15.0;
				MTL_ENABLE_DEBUG_INFO = NO;
				MTL_FAST_MATH = YES;
				SDKROOT = iphoneos;
				SWIFT_COMPILATION_MODE = wholemodule;
				SWIFT_OPTIMIZATION_LEVEL = "-O";
				VALIDATE_PRODUCT = YES;
			};
			name = Release;
		};
		89CA33EA2A7C9CEF00DA1978 /* Debug */ = {
			isa = XCBuildConfiguration;
			buildSettings = {
				ASSETCATALOG_COMPILER_APPICON_NAME = AppIcon;
				ASSETCATALOG_COMPILER_GLOBAL_ACCENT_COLOR_NAME = AccentColor;
				CODE_SIGN_STYLE = Automatic;
				CURRENT_PROJECT_VERSION = 1;
				DEVELOPMENT_TEAM = 67D46DJNPH;
				GENERATE_INFOPLIST_FILE = YES;
				INFOPLIST_FILE = Tamagotchi/Info.plist;
				INFOPLIST_KEY_UIApplicationSupportsIndirectInputEvents = YES;
				INFOPLIST_KEY_UILaunchStoryboardName = LaunchScreen;
				INFOPLIST_KEY_UISupportedInterfaceOrientations = UIInterfaceOrientationPortrait;
				IPHONEOS_DEPLOYMENT_TARGET = 15.0;
				LD_RUNPATH_SEARCH_PATHS = (
					"$(inherited)",
					"@executable_path/Frameworks",
				);
				MARKETING_VERSION = 1.0;
				PRODUCT_BUNDLE_IDENTIFIER = com.yescoachdev.Tamagotchi;
				PRODUCT_NAME = "$(TARGET_NAME)";
				SUPPORTED_PLATFORMS = "iphoneos iphonesimulator";
				SUPPORTS_MACCATALYST = NO;
				SUPPORTS_MAC_DESIGNED_FOR_IPHONE_IPAD = NO;
				SWIFT_EMIT_LOC_STRINGS = YES;
				SWIFT_VERSION = 5.0;
				TARGETED_DEVICE_FAMILY = 1;
			};
			name = Debug;
		};
		89CA33EB2A7C9CEF00DA1978 /* Release */ = {
			isa = XCBuildConfiguration;
			buildSettings = {
				ASSETCATALOG_COMPILER_APPICON_NAME = AppIcon;
				ASSETCATALOG_COMPILER_GLOBAL_ACCENT_COLOR_NAME = AccentColor;
				CODE_SIGN_STYLE = Automatic;
				CURRENT_PROJECT_VERSION = 1;
				DEVELOPMENT_TEAM = 67D46DJNPH;
				GENERATE_INFOPLIST_FILE = YES;
				INFOPLIST_FILE = Tamagotchi/Info.plist;
				INFOPLIST_KEY_UIApplicationSupportsIndirectInputEvents = YES;
				INFOPLIST_KEY_UILaunchStoryboardName = LaunchScreen;
				INFOPLIST_KEY_UISupportedInterfaceOrientations = UIInterfaceOrientationPortrait;
				IPHONEOS_DEPLOYMENT_TARGET = 15.0;
				LD_RUNPATH_SEARCH_PATHS = (
					"$(inherited)",
					"@executable_path/Frameworks",
				);
				MARKETING_VERSION = 1.0;
				PRODUCT_BUNDLE_IDENTIFIER = com.yescoachdev.Tamagotchi;
				PRODUCT_NAME = "$(TARGET_NAME)";
				SUPPORTED_PLATFORMS = "iphoneos iphonesimulator";
				SUPPORTS_MACCATALYST = NO;
				SUPPORTS_MAC_DESIGNED_FOR_IPHONE_IPAD = NO;
				SWIFT_EMIT_LOC_STRINGS = YES;
				SWIFT_VERSION = 5.0;
				TARGETED_DEVICE_FAMILY = 1;
			};
			name = Release;
		};
/* End XCBuildConfiguration section */

/* Begin XCConfigurationList section */
		89CA33D02A7C9CED00DA1978 /* Build configuration list for PBXProject "Tamagotchi" */ = {
			isa = XCConfigurationList;
			buildConfigurations = (
				89CA33E72A7C9CEF00DA1978 /* Debug */,
				89CA33E82A7C9CEF00DA1978 /* Release */,
			);
			defaultConfigurationIsVisible = 0;
			defaultConfigurationName = Release;
		};
		89CA33E92A7C9CEF00DA1978 /* Build configuration list for PBXNativeTarget "Tamagotchi" */ = {
			isa = XCConfigurationList;
			buildConfigurations = (
				89CA33EA2A7C9CEF00DA1978 /* Debug */,
				89CA33EB2A7C9CEF00DA1978 /* Release */,
			);
			defaultConfigurationIsVisible = 0;
			defaultConfigurationName = Release;
		};
/* End XCConfigurationList section */
	};
	rootObject = 89CA33CD2A7C9CED00DA1978 /* Project object */;
}
